// !$*UTF8*$!
{
	archiveVersion = 1;
	classes = {
	};
	objectVersion = 50;
	objects = {

/* Begin PBXBuildFile section */
		649DD572D37AC40D3EDEDD94 /* Pods_BRQiOSTestUITests.framework in Frameworks */ = {isa = PBXBuildFile; fileRef = C7A8690E48551219CCE0CA2B /* Pods_BRQiOSTestUITests.framework */; };
		6893299D1CF8B10BAE944E98 /* Pods_BRQiOSTestTests.framework in Frameworks */ = {isa = PBXBuildFile; fileRef = 5B9708FF1F6BCD30795D4CE5 /* Pods_BRQiOSTestTests.framework */; };
		93EAB42021E2908800C7AFE6 /* Results.swift in Sources */ = {isa = PBXBuildFile; fileRef = 93EAB41F21E2908800C7AFE6 /* Results.swift */; };
		B6FBF79AFB46C75EF12C9C6A /* Pods_BRQiOSTest.framework in Frameworks */ = {isa = PBXBuildFile; fileRef = 5FB5D5F8F617A1A691E44261 /* Pods_BRQiOSTest.framework */; };
		E639D40321DFB60C0002D95A /* AppDelegate.swift in Sources */ = {isa = PBXBuildFile; fileRef = E639D40221DFB60C0002D95A /* AppDelegate.swift */; };
		E639D40521DFB60C0002D95A /* MoviesViewController.swift in Sources */ = {isa = PBXBuildFile; fileRef = E639D40421DFB60C0002D95A /* MoviesViewController.swift */; };
		E639D40821DFB60C0002D95A /* Main.storyboard in Resources */ = {isa = PBXBuildFile; fileRef = E639D40621DFB60C0002D95A /* Main.storyboard */; };
		E639D40A21DFB6140002D95A /* Assets.xcassets in Resources */ = {isa = PBXBuildFile; fileRef = E639D40921DFB6140002D95A /* Assets.xcassets */; };
		E639D40D21DFB6140002D95A /* LaunchScreen.storyboard in Resources */ = {isa = PBXBuildFile; fileRef = E639D40B21DFB6140002D95A /* LaunchScreen.storyboard */; };
		E639D41821DFB6140002D95A /* BRQiOSTestTests.swift in Sources */ = {isa = PBXBuildFile; fileRef = E639D41721DFB6140002D95A /* BRQiOSTestTests.swift */; };
		E639D42321DFB6140002D95A /* BRQiOSTestUITests.swift in Sources */ = {isa = PBXBuildFile; fileRef = E639D42221DFB6140002D95A /* BRQiOSTestUITests.swift */; };
		E639D43921DFDBB80002D95A /* MoviesTableCell.swift in Sources */ = {isa = PBXBuildFile; fileRef = E639D43821DFDBB80002D95A /* MoviesTableCell.swift */; };
		E639D43E21DFE7570002D95A /* API.swift in Sources */ = {isa = PBXBuildFile; fileRef = E639D43D21DFE7570002D95A /* API.swift */; };
		E639D44021DFF6700002D95A /* Movie.swift in Sources */ = {isa = PBXBuildFile; fileRef = E639D43F21DFF6700002D95A /* Movie.swift */; };
		E639D44221E3785F0002D95A /* MoviesViewModel.swift in Sources */ = {isa = PBXBuildFile; fileRef = E639D44121E3785F0002D95A /* MoviesViewModel.swift */; };
		E639D44621E38DD30002D95A /* MoviesCellViewModel.swift in Sources */ = {isa = PBXBuildFile; fileRef = E639D44521E38DD30002D95A /* MoviesCellViewModel.swift */; };
		E639D44821E3E5090002D95A /* DetailViewController.swift in Sources */ = {isa = PBXBuildFile; fileRef = E639D44721E3E5090002D95A /* DetailViewController.swift */; };
		E639D44A21E4C2220002D95A /* DetailViewModel.swift in Sources */ = {isa = PBXBuildFile; fileRef = E639D44921E4C2220002D95A /* DetailViewModel.swift */; };
/* End PBXBuildFile section */

/* Begin PBXContainerItemProxy section */
		E639D41421DFB6140002D95A /* PBXContainerItemProxy */ = {
			isa = PBXContainerItemProxy;
			containerPortal = E639D3F721DFB60C0002D95A /* Project object */;
			proxyType = 1;
			remoteGlobalIDString = E639D3FE21DFB60C0002D95A;
			remoteInfo = BRQiOSTest;
		};
		E639D41F21DFB6140002D95A /* PBXContainerItemProxy */ = {
			isa = PBXContainerItemProxy;
			containerPortal = E639D3F721DFB60C0002D95A /* Project object */;
			proxyType = 1;
			remoteGlobalIDString = E639D3FE21DFB60C0002D95A;
			remoteInfo = BRQiOSTest;
		};
/* End PBXContainerItemProxy section */

/* Begin PBXFileReference section */
		22D94A494A804060A73DE56F /* Pods-BRQiOSTest.debug.xcconfig */ = {isa = PBXFileReference; includeInIndex = 1; lastKnownFileType = text.xcconfig; name = "Pods-BRQiOSTest.debug.xcconfig"; path = "Pods/Target Support Files/Pods-BRQiOSTest/Pods-BRQiOSTest.debug.xcconfig"; sourceTree = "<group>"; };
		26A2415457BD33696B194DB8 /* Pods-BRQiOSTest.release.xcconfig */ = {isa = PBXFileReference; includeInIndex = 1; lastKnownFileType = text.xcconfig; name = "Pods-BRQiOSTest.release.xcconfig"; path = "Pods/Target Support Files/Pods-BRQiOSTest/Pods-BRQiOSTest.release.xcconfig"; sourceTree = "<group>"; };
		3F961F5239E017FF508C0940 /* Pods-BRQiOSTestTests.release.xcconfig */ = {isa = PBXFileReference; includeInIndex = 1; lastKnownFileType = text.xcconfig; name = "Pods-BRQiOSTestTests.release.xcconfig"; path = "Pods/Target Support Files/Pods-BRQiOSTestTests/Pods-BRQiOSTestTests.release.xcconfig"; sourceTree = "<group>"; };
		5B9708FF1F6BCD30795D4CE5 /* Pods_BRQiOSTestTests.framework */ = {isa = PBXFileReference; explicitFileType = wrapper.framework; includeInIndex = 0; path = Pods_BRQiOSTestTests.framework; sourceTree = BUILT_PRODUCTS_DIR; };
		5FB5D5F8F617A1A691E44261 /* Pods_BRQiOSTest.framework */ = {isa = PBXFileReference; explicitFileType = wrapper.framework; includeInIndex = 0; path = Pods_BRQiOSTest.framework; sourceTree = BUILT_PRODUCTS_DIR; };
		70AF0BBF9459DBD043A15D42 /* Pods-BRQiOSTestUITests.debug.xcconfig */ = {isa = PBXFileReference; includeInIndex = 1; lastKnownFileType = text.xcconfig; name = "Pods-BRQiOSTestUITests.debug.xcconfig"; path = "Pods/Target Support Files/Pods-BRQiOSTestUITests/Pods-BRQiOSTestUITests.debug.xcconfig"; sourceTree = "<group>"; };
		7FE9331EC7303C0C42AC778F /* Pods-BRQiOSTestUITests.release.xcconfig */ = {isa = PBXFileReference; includeInIndex = 1; lastKnownFileType = text.xcconfig; name = "Pods-BRQiOSTestUITests.release.xcconfig"; path = "Pods/Target Support Files/Pods-BRQiOSTestUITests/Pods-BRQiOSTestUITests.release.xcconfig"; sourceTree = "<group>"; };
		93EAB41F21E2908800C7AFE6 /* Results.swift */ = {isa = PBXFileReference; lastKnownFileType = sourcecode.swift; path = Results.swift; sourceTree = "<group>"; };
		C7A8690E48551219CCE0CA2B /* Pods_BRQiOSTestUITests.framework */ = {isa = PBXFileReference; explicitFileType = wrapper.framework; includeInIndex = 0; path = Pods_BRQiOSTestUITests.framework; sourceTree = BUILT_PRODUCTS_DIR; };
		E639D3FF21DFB60C0002D95A /* BRQiOSTest.app */ = {isa = PBXFileReference; explicitFileType = wrapper.application; includeInIndex = 0; path = BRQiOSTest.app; sourceTree = BUILT_PRODUCTS_DIR; };
		E639D40221DFB60C0002D95A /* AppDelegate.swift */ = {isa = PBXFileReference; lastKnownFileType = sourcecode.swift; path = AppDelegate.swift; sourceTree = "<group>"; };
		E639D40421DFB60C0002D95A /* MoviesViewController.swift */ = {isa = PBXFileReference; lastKnownFileType = sourcecode.swift; path = MoviesViewController.swift; sourceTree = "<group>"; };
		E639D40721DFB60C0002D95A /* Base */ = {isa = PBXFileReference; lastKnownFileType = file.storyboard; name = Base; path = Base.lproj/Main.storyboard; sourceTree = "<group>"; };
		E639D40921DFB6140002D95A /* Assets.xcassets */ = {isa = PBXFileReference; lastKnownFileType = folder.assetcatalog; path = Assets.xcassets; sourceTree = "<group>"; };
		E639D40C21DFB6140002D95A /* Base */ = {isa = PBXFileReference; lastKnownFileType = file.storyboard; name = Base; path = Base.lproj/LaunchScreen.storyboard; sourceTree = "<group>"; };
		E639D40E21DFB6140002D95A /* Info.plist */ = {isa = PBXFileReference; lastKnownFileType = text.plist.xml; path = Info.plist; sourceTree = "<group>"; };
		E639D41321DFB6140002D95A /* BRQiOSTestTests.xctest */ = {isa = PBXFileReference; explicitFileType = wrapper.cfbundle; includeInIndex = 0; path = BRQiOSTestTests.xctest; sourceTree = BUILT_PRODUCTS_DIR; };
		E639D41721DFB6140002D95A /* BRQiOSTestTests.swift */ = {isa = PBXFileReference; lastKnownFileType = sourcecode.swift; path = BRQiOSTestTests.swift; sourceTree = "<group>"; };
		E639D41921DFB6140002D95A /* Info.plist */ = {isa = PBXFileReference; lastKnownFileType = text.plist.xml; name = Info.plist; path = BRQiOSTestTests/Info.plist; sourceTree = SOURCE_ROOT; };
		E639D41E21DFB6140002D95A /* BRQiOSTestUITests.xctest */ = {isa = PBXFileReference; explicitFileType = wrapper.cfbundle; includeInIndex = 0; path = BRQiOSTestUITests.xctest; sourceTree = BUILT_PRODUCTS_DIR; };
		E639D42221DFB6140002D95A /* BRQiOSTestUITests.swift */ = {isa = PBXFileReference; lastKnownFileType = sourcecode.swift; path = BRQiOSTestUITests.swift; sourceTree = "<group>"; };
		E639D42421DFB6140002D95A /* Info.plist */ = {isa = PBXFileReference; lastKnownFileType = text.plist.xml; path = Info.plist; sourceTree = "<group>"; };
		E639D43821DFDBB80002D95A /* MoviesTableCell.swift */ = {isa = PBXFileReference; lastKnownFileType = sourcecode.swift; path = MoviesTableCell.swift; sourceTree = "<group>"; };
		E639D43D21DFE7570002D95A /* API.swift */ = {isa = PBXFileReference; lastKnownFileType = sourcecode.swift; path = API.swift; sourceTree = "<group>"; };
		E639D43F21DFF6700002D95A /* Movie.swift */ = {isa = PBXFileReference; lastKnownFileType = sourcecode.swift; path = Movie.swift; sourceTree = "<group>"; };
		E639D44121E3785F0002D95A /* MoviesViewModel.swift */ = {isa = PBXFileReference; lastKnownFileType = sourcecode.swift; path = MoviesViewModel.swift; sourceTree = "<group>"; };
		E639D44521E38DD30002D95A /* MoviesCellViewModel.swift */ = {isa = PBXFileReference; lastKnownFileType = sourcecode.swift; path = MoviesCellViewModel.swift; sourceTree = "<group>"; };
		E639D44721E3E5090002D95A /* DetailViewController.swift */ = {isa = PBXFileReference; lastKnownFileType = sourcecode.swift; path = DetailViewController.swift; sourceTree = "<group>"; };
		E639D44921E4C2220002D95A /* DetailViewModel.swift */ = {isa = PBXFileReference; lastKnownFileType = sourcecode.swift; path = DetailViewModel.swift; sourceTree = "<group>"; };
		FEA1B3E14257BBE54A479D65 /* Pods-BRQiOSTestTests.debug.xcconfig */ = {isa = PBXFileReference; includeInIndex = 1; lastKnownFileType = text.xcconfig; name = "Pods-BRQiOSTestTests.debug.xcconfig"; path = "Pods/Target Support Files/Pods-BRQiOSTestTests/Pods-BRQiOSTestTests.debug.xcconfig"; sourceTree = "<group>"; };
/* End PBXFileReference section */

/* Begin PBXFrameworksBuildPhase section */
		E639D3FC21DFB60C0002D95A /* Frameworks */ = {
			isa = PBXFrameworksBuildPhase;
			buildActionMask = 2147483647;
			files = (
				B6FBF79AFB46C75EF12C9C6A /* Pods_BRQiOSTest.framework in Frameworks */,
			);
			runOnlyForDeploymentPostprocessing = 0;
		};
		E639D41021DFB6140002D95A /* Frameworks */ = {
			isa = PBXFrameworksBuildPhase;
			buildActionMask = 2147483647;
			files = (
				6893299D1CF8B10BAE944E98 /* Pods_BRQiOSTestTests.framework in Frameworks */,
			);
			runOnlyForDeploymentPostprocessing = 0;
		};
		E639D41B21DFB6140002D95A /* Frameworks */ = {
			isa = PBXFrameworksBuildPhase;
			buildActionMask = 2147483647;
			files = (
				649DD572D37AC40D3EDEDD94 /* Pods_BRQiOSTestUITests.framework in Frameworks */,
			);
			runOnlyForDeploymentPostprocessing = 0;
		};
/* End PBXFrameworksBuildPhase section */

/* Begin PBXGroup section */
		37C8EC3599220E57F3D982AA /* Pods */ = {
			isa = PBXGroup;
			children = (
				22D94A494A804060A73DE56F /* Pods-BRQiOSTest.debug.xcconfig */,
				26A2415457BD33696B194DB8 /* Pods-BRQiOSTest.release.xcconfig */,
				FEA1B3E14257BBE54A479D65 /* Pods-BRQiOSTestTests.debug.xcconfig */,
				3F961F5239E017FF508C0940 /* Pods-BRQiOSTestTests.release.xcconfig */,
				70AF0BBF9459DBD043A15D42 /* Pods-BRQiOSTestUITests.debug.xcconfig */,
				7FE9331EC7303C0C42AC778F /* Pods-BRQiOSTestUITests.release.xcconfig */,
			);
			name = Pods;
			sourceTree = "<group>";
		};
		89E8083141065D743A205FD2 /* Frameworks */ = {
			isa = PBXGroup;
			children = (
				5FB5D5F8F617A1A691E44261 /* Pods_BRQiOSTest.framework */,
				5B9708FF1F6BCD30795D4CE5 /* Pods_BRQiOSTestTests.framework */,
				C7A8690E48551219CCE0CA2B /* Pods_BRQiOSTestUITests.framework */,
			);
			name = Frameworks;
			sourceTree = "<group>";
		};
		E639D3F621DFB60C0002D95A = {
			isa = PBXGroup;
			children = (
				E639D40121DFB60C0002D95A /* BRQiOSTest */,
				E639D41621DFB6140002D95A /* BRQiOSTestTests */,
				E639D42121DFB6140002D95A /* BRQiOSTestUITests */,
				E639D40021DFB60C0002D95A /* Products */,
				37C8EC3599220E57F3D982AA /* Pods */,
				89E8083141065D743A205FD2 /* Frameworks */,
			);
			sourceTree = "<group>";
		};
		E639D40021DFB60C0002D95A /* Products */ = {
			isa = PBXGroup;
			children = (
				E639D3FF21DFB60C0002D95A /* BRQiOSTest.app */,
				E639D41321DFB6140002D95A /* BRQiOSTestTests.xctest */,
				E639D41E21DFB6140002D95A /* BRQiOSTestUITests.xctest */,
			);
			name = Products;
			sourceTree = "<group>";
		};
		E639D40121DFB60C0002D95A /* BRQiOSTest */ = {
			isa = PBXGroup;
			children = (
				E639D40221DFB60C0002D95A /* AppDelegate.swift */,
				E639D40B21DFB6140002D95A /* LaunchScreen.storyboard */,
				E639D40921DFB6140002D95A /* Assets.xcassets */,
				E639D41921DFB6140002D95A /* Info.plist */,
				E639D44B21E5000C0002D95A /* Service */,
				E639D43A21DFDD480002D95A /* Model */,
				E639D43B21DFDD5E0002D95A /* View */,
				E639D43C21DFDD650002D95A /* ViewModel */,
				E639D40E21DFB6140002D95A /* Info.plist */,
			);
			path = BRQiOSTest;
			sourceTree = "<group>";
		};
		E639D41621DFB6140002D95A /* BRQiOSTestTests */ = {
			isa = PBXGroup;
			children = (
				E639D41721DFB6140002D95A /* BRQiOSTestTests.swift */,
			);
			path = BRQiOSTestTests;
			sourceTree = "<group>";
		};
		E639D42121DFB6140002D95A /* BRQiOSTestUITests */ = {
			isa = PBXGroup;
			children = (
				E639D42221DFB6140002D95A /* BRQiOSTestUITests.swift */,
				E639D42421DFB6140002D95A /* Info.plist */,
			);
			path = BRQiOSTestUITests;
			sourceTree = "<group>";
		};
		E639D43A21DFDD480002D95A /* Model */ = {
			isa = PBXGroup;
			children = (
				E639D43F21DFF6700002D95A /* Movie.swift */,
				93EAB41F21E2908800C7AFE6 /* Results.swift */,
			);
			path = Model;
			sourceTree = "<group>";
		};
		E639D43B21DFDD5E0002D95A /* View */ = {
			isa = PBXGroup;
			children = (
				E639D40621DFB60C0002D95A /* Main.storyboard */,
				E639D40421DFB60C0002D95A /* MoviesViewController.swift */,
				E639D43821DFDBB80002D95A /* MoviesTableCell.swift */,
				E639D44721E3E5090002D95A /* DetailViewController.swift */,
			);
			path = View;
			sourceTree = "<group>";
		};
		E639D43C21DFDD650002D95A /* ViewModel */ = {
			isa = PBXGroup;
			children = (
				E639D44121E3785F0002D95A /* MoviesViewModel.swift */,
				E639D44921E4C2220002D95A /* DetailViewModel.swift */,
				E639D44521E38DD30002D95A /* MoviesCellViewModel.swift */,
			);
			path = ViewModel;
			sourceTree = "<group>";
		};
		E639D44B21E5000C0002D95A /* Service */ = {
			isa = PBXGroup;
			children = (
				E639D43D21DFE7570002D95A /* API.swift */,
			);
			path = Service;
			sourceTree = "<group>";
		};
/* End PBXGroup section */

/* Begin PBXNativeTarget section */
		E639D3FE21DFB60C0002D95A /* BRQiOSTest */ = {
			isa = PBXNativeTarget;
			buildConfigurationList = E639D42721DFB6140002D95A /* Build configuration list for PBXNativeTarget "BRQiOSTest" */;
			buildPhases = (
				22F1AA4933DCFB849416B985 /* [CP] Check Pods Manifest.lock */,
				E639D3FB21DFB60C0002D95A /* Sources */,
				E639D3FC21DFB60C0002D95A /* Frameworks */,
				E639D3FD21DFB60C0002D95A /* Resources */,
				C6AF17F8D0D8BAC4F043430D /* [CP] Embed Pods Frameworks */,
			);
			buildRules = (
			);
			dependencies = (
			);
			name = BRQiOSTest;
			productName = BRQiOSTest;
			productReference = E639D3FF21DFB60C0002D95A /* BRQiOSTest.app */;
			productType = "com.apple.product-type.application";
		};
		E639D41221DFB6140002D95A /* BRQiOSTestTests */ = {
			isa = PBXNativeTarget;
			buildConfigurationList = E639D42A21DFB6140002D95A /* Build configuration list for PBXNativeTarget "BRQiOSTestTests" */;
			buildPhases = (
				4B3C9A748E51E7650C607C96 /* [CP] Check Pods Manifest.lock */,
				E639D40F21DFB6140002D95A /* Sources */,
				E639D41021DFB6140002D95A /* Frameworks */,
				E639D41121DFB6140002D95A /* Resources */,
			);
			buildRules = (
			);
			dependencies = (
				E639D41521DFB6140002D95A /* PBXTargetDependency */,
			);
			name = BRQiOSTestTests;
			productName = BRQiOSTestTests;
			productReference = E639D41321DFB6140002D95A /* BRQiOSTestTests.xctest */;
			productType = "com.apple.product-type.bundle.unit-test";
		};
		E639D41D21DFB6140002D95A /* BRQiOSTestUITests */ = {
			isa = PBXNativeTarget;
			buildConfigurationList = E639D42D21DFB6140002D95A /* Build configuration list for PBXNativeTarget "BRQiOSTestUITests" */;
			buildPhases = (
				1886A9EEB8ECAA61ADAD146F /* [CP] Check Pods Manifest.lock */,
				E639D41A21DFB6140002D95A /* Sources */,
				E639D41B21DFB6140002D95A /* Frameworks */,
				E639D41C21DFB6140002D95A /* Resources */,
			);
			buildRules = (
			);
			dependencies = (
				E639D42021DFB6140002D95A /* PBXTargetDependency */,
			);
			name = BRQiOSTestUITests;
			productName = BRQiOSTestUITests;
			productReference = E639D41E21DFB6140002D95A /* BRQiOSTestUITests.xctest */;
			productType = "com.apple.product-type.bundle.ui-testing";
		};
/* End PBXNativeTarget section */

/* Begin PBXProject section */
		E639D3F721DFB60C0002D95A /* Project object */ = {
			isa = PBXProject;
			attributes = {
				LastSwiftUpdateCheck = 0940;
				LastUpgradeCheck = 0940;
				ORGANIZATIONNAME = "Gustavo Soares Mascarenhas Rodrigues";
				TargetAttributes = {
					E639D3FE21DFB60C0002D95A = {
						CreatedOnToolsVersion = 9.4.1;
					};
					E639D41221DFB6140002D95A = {
						CreatedOnToolsVersion = 9.4.1;
						TestTargetID = E639D3FE21DFB60C0002D95A;
					};
					E639D41D21DFB6140002D95A = {
						CreatedOnToolsVersion = 9.4.1;
						TestTargetID = E639D3FE21DFB60C0002D95A;
					};
				};
			};
			buildConfigurationList = E639D3FA21DFB60C0002D95A /* Build configuration list for PBXProject "BRQiOSTest" */;
			compatibilityVersion = "Xcode 9.3";
			developmentRegion = en;
			hasScannedForEncodings = 0;
			knownRegions = (
				en,
				Base,
			);
			mainGroup = E639D3F621DFB60C0002D95A;
			productRefGroup = E639D40021DFB60C0002D95A /* Products */;
			projectDirPath = "";
			projectRoot = "";
			targets = (
				E639D3FE21DFB60C0002D95A /* BRQiOSTest */,
				E639D41221DFB6140002D95A /* BRQiOSTestTests */,
				E639D41D21DFB6140002D95A /* BRQiOSTestUITests */,
			);
		};
/* End PBXProject section */

/* Begin PBXResourcesBuildPhase section */
		E639D3FD21DFB60C0002D95A /* Resources */ = {
			isa = PBXResourcesBuildPhase;
			buildActionMask = 2147483647;
			files = (
				E639D40D21DFB6140002D95A /* LaunchScreen.storyboard in Resources */,
				E639D40A21DFB6140002D95A /* Assets.xcassets in Resources */,
				E639D40821DFB60C0002D95A /* Main.storyboard in Resources */,
			);
			runOnlyForDeploymentPostprocessing = 0;
		};
		E639D41121DFB6140002D95A /* Resources */ = {
			isa = PBXResourcesBuildPhase;
			buildActionMask = 2147483647;
			files = (
			);
			runOnlyForDeploymentPostprocessing = 0;
		};
		E639D41C21DFB6140002D95A /* Resources */ = {
			isa = PBXResourcesBuildPhase;
			buildActionMask = 2147483647;
			files = (
			);
			runOnlyForDeploymentPostprocessing = 0;
		};
/* End PBXResourcesBuildPhase section */

/* Begin PBXShellScriptBuildPhase section */
		1886A9EEB8ECAA61ADAD146F /* [CP] Check Pods Manifest.lock */ = {
			isa = PBXShellScriptBuildPhase;
			buildActionMask = 2147483647;
			files = (
			);
			inputPaths = (
				"${PODS_PODFILE_DIR_PATH}/Podfile.lock",
				"${PODS_ROOT}/Manifest.lock",
			);
			name = "[CP] Check Pods Manifest.lock";
			outputPaths = (
				"$(DERIVED_FILE_DIR)/Pods-BRQiOSTestUITests-checkManifestLockResult.txt",
			);
			runOnlyForDeploymentPostprocessing = 0;
			shellPath = /bin/sh;
			shellScript = "diff \"${PODS_PODFILE_DIR_PATH}/Podfile.lock\" \"${PODS_ROOT}/Manifest.lock\" > /dev/null\nif [ $? != 0 ] ; then\n    # print error to STDERR\n    echo \"error: The sandbox is not in sync with the Podfile.lock. Run 'pod install' or update your CocoaPods installation.\" >&2\n    exit 1\nfi\n# This output is used by Xcode 'outputs' to avoid re-running this script phase.\necho \"SUCCESS\" > \"${SCRIPT_OUTPUT_FILE_0}\"\n";
			showEnvVarsInLog = 0;
		};
		22F1AA4933DCFB849416B985 /* [CP] Check Pods Manifest.lock */ = {
			isa = PBXShellScriptBuildPhase;
			buildActionMask = 2147483647;
			files = (
			);
			inputPaths = (
				"${PODS_PODFILE_DIR_PATH}/Podfile.lock",
				"${PODS_ROOT}/Manifest.lock",
			);
			name = "[CP] Check Pods Manifest.lock";
			outputPaths = (
				"$(DERIVED_FILE_DIR)/Pods-BRQiOSTest-checkManifestLockResult.txt",
			);
			runOnlyForDeploymentPostprocessing = 0;
			shellPath = /bin/sh;
			shellScript = "diff \"${PODS_PODFILE_DIR_PATH}/Podfile.lock\" \"${PODS_ROOT}/Manifest.lock\" > /dev/null\nif [ $? != 0 ] ; then\n    # print error to STDERR\n    echo \"error: The sandbox is not in sync with the Podfile.lock. Run 'pod install' or update your CocoaPods installation.\" >&2\n    exit 1\nfi\n# This output is used by Xcode 'outputs' to avoid re-running this script phase.\necho \"SUCCESS\" > \"${SCRIPT_OUTPUT_FILE_0}\"\n";
			showEnvVarsInLog = 0;
		};
		4B3C9A748E51E7650C607C96 /* [CP] Check Pods Manifest.lock */ = {
			isa = PBXShellScriptBuildPhase;
			buildActionMask = 2147483647;
			files = (
			);
			inputPaths = (
				"${PODS_PODFILE_DIR_PATH}/Podfile.lock",
				"${PODS_ROOT}/Manifest.lock",
			);
			name = "[CP] Check Pods Manifest.lock";
			outputPaths = (
				"$(DERIVED_FILE_DIR)/Pods-BRQiOSTestTests-checkManifestLockResult.txt",
			);
			runOnlyForDeploymentPostprocessing = 0;
			shellPath = /bin/sh;
			shellScript = "diff \"${PODS_PODFILE_DIR_PATH}/Podfile.lock\" \"${PODS_ROOT}/Manifest.lock\" > /dev/null\nif [ $? != 0 ] ; then\n    # print error to STDERR\n    echo \"error: The sandbox is not in sync with the Podfile.lock. Run 'pod install' or update your CocoaPods installation.\" >&2\n    exit 1\nfi\n# This output is used by Xcode 'outputs' to avoid re-running this script phase.\necho \"SUCCESS\" > \"${SCRIPT_OUTPUT_FILE_0}\"\n";
			showEnvVarsInLog = 0;
		};
		C6AF17F8D0D8BAC4F043430D /* [CP] Embed Pods Frameworks */ = {
			isa = PBXShellScriptBuildPhase;
			buildActionMask = 2147483647;
			files = (
			);
			inputPaths = (
				"${SRCROOT}/Pods/Target Support Files/Pods-BRQiOSTest/Pods-BRQiOSTest-frameworks.sh",
				"${BUILT_PRODUCTS_DIR}/SDWebImage/SDWebImage.framework",
			);
			name = "[CP] Embed Pods Frameworks";
			outputPaths = (
				"${TARGET_BUILD_DIR}/${FRAMEWORKS_FOLDER_PATH}/SDWebImage.framework",
			);
			runOnlyForDeploymentPostprocessing = 0;
			shellPath = /bin/sh;
			shellScript = "\"${SRCROOT}/Pods/Target Support Files/Pods-BRQiOSTest/Pods-BRQiOSTest-frameworks.sh\"\n";
			showEnvVarsInLog = 0;
		};
/* End PBXShellScriptBuildPhase section */

/* Begin PBXSourcesBuildPhase section */
		E639D3FB21DFB60C0002D95A /* Sources */ = {
			isa = PBXSourcesBuildPhase;
			buildActionMask = 2147483647;
			files = (
				E639D44821E3E5090002D95A /* DetailViewController.swift in Sources */,
				93EAB42021E2908800C7AFE6 /* Results.swift in Sources */,
				E639D40521DFB60C0002D95A /* MoviesViewController.swift in Sources */,
				E639D44A21E4C2220002D95A /* DetailViewModel.swift in Sources */,
				E639D40321DFB60C0002D95A /* AppDelegate.swift in Sources */,
				E639D44621E38DD30002D95A /* MoviesCellViewModel.swift in Sources */,
				E639D43E21DFE7570002D95A /* API.swift in Sources */,
				E639D44221E3785F0002D95A /* MoviesViewModel.swift in Sources */,
				E639D43921DFDBB80002D95A /* MoviesTableCell.swift in Sources */,
				E639D44021DFF6700002D95A /* Movie.swift in Sources */,
			);
			runOnlyForDeploymentPostprocessing = 0;
		};
		E639D40F21DFB6140002D95A /* Sources */ = {
			isa = PBXSourcesBuildPhase;
			buildActionMask = 2147483647;
			files = (
				E639D41821DFB6140002D95A /* BRQiOSTestTests.swift in Sources */,
			);
			runOnlyForDeploymentPostprocessing = 0;
		};
		E639D41A21DFB6140002D95A /* Sources */ = {
			isa = PBXSourcesBuildPhase;
			buildActionMask = 2147483647;
			files = (
				E639D42321DFB6140002D95A /* BRQiOSTestUITests.swift in Sources */,
			);
			runOnlyForDeploymentPostprocessing = 0;
		};
/* End PBXSourcesBuildPhase section */

/* Begin PBXTargetDependency section */
		E639D41521DFB6140002D95A /* PBXTargetDependency */ = {
			isa = PBXTargetDependency;
			target = E639D3FE21DFB60C0002D95A /* BRQiOSTest */;
			targetProxy = E639D41421DFB6140002D95A /* PBXContainerItemProxy */;
		};
		E639D42021DFB6140002D95A /* PBXTargetDependency */ = {
			isa = PBXTargetDependency;
			target = E639D3FE21DFB60C0002D95A /* BRQiOSTest */;
			targetProxy = E639D41F21DFB6140002D95A /* PBXContainerItemProxy */;
		};
/* End PBXTargetDependency section */

/* Begin PBXVariantGroup section */
		E639D40621DFB60C0002D95A /* Main.storyboard */ = {
			isa = PBXVariantGroup;
			children = (
				E639D40721DFB60C0002D95A /* Base */,
			);
			name = Main.storyboard;
			sourceTree = "<group>";
		};
		E639D40B21DFB6140002D95A /* LaunchScreen.storyboard */ = {
			isa = PBXVariantGroup;
			children = (
				E639D40C21DFB6140002D95A /* Base */,
			);
			name = LaunchScreen.storyboard;
			sourceTree = "<group>";
		};
/* End PBXVariantGroup section */

/* Begin XCBuildConfiguration section */
		E639D42521DFB6140002D95A /* Debug */ = {
			isa = XCBuildConfiguration;
			buildSettings = {
				ALWAYS_SEARCH_USER_PATHS = NO;
				CLANG_ANALYZER_NONNULL = YES;
				CLANG_ANALYZER_NUMBER_OBJECT_CONVERSION = YES_AGGRESSIVE;
				CLANG_CXX_LANGUAGE_STANDARD = "gnu++14";
				CLANG_CXX_LIBRARY = "libc++";
				CLANG_ENABLE_MODULES = YES;
				CLANG_ENABLE_OBJC_ARC = YES;
				CLANG_ENABLE_OBJC_WEAK = YES;
				CLANG_WARN_BLOCK_CAPTURE_AUTORELEASING = YES;
				CLANG_WARN_BOOL_CONVERSION = YES;
				CLANG_WARN_COMMA = YES;
				CLANG_WARN_CONSTANT_CONVERSION = YES;
				CLANG_WARN_DEPRECATED_OBJC_IMPLEMENTATIONS = YES;
				CLANG_WARN_DIRECT_OBJC_ISA_USAGE = YES_ERROR;
				CLANG_WARN_DOCUMENTATION_COMMENTS = YES;
				CLANG_WARN_EMPTY_BODY = YES;
				CLANG_WARN_ENUM_CONVERSION = YES;
				CLANG_WARN_INFINITE_RECURSION = YES;
				CLANG_WARN_INT_CONVERSION = YES;
				CLANG_WARN_NON_LITERAL_NULL_CONVERSION = YES;
				CLANG_WARN_OBJC_IMPLICIT_RETAIN_SELF = YES;
				CLANG_WARN_OBJC_LITERAL_CONVERSION = YES;
				CLANG_WARN_OBJC_ROOT_CLASS = YES_ERROR;
				CLANG_WARN_RANGE_LOOP_ANALYSIS = YES;
				CLANG_WARN_STRICT_PROTOTYPES = YES;
				CLANG_WARN_SUSPICIOUS_MOVE = YES;
				CLANG_WARN_UNGUARDED_AVAILABILITY = YES_AGGRESSIVE;
				CLANG_WARN_UNREACHABLE_CODE = YES;
				CLANG_WARN__DUPLICATE_METHOD_MATCH = YES;
				CODE_SIGN_IDENTITY = "iPhone Developer";
				COPY_PHASE_STRIP = NO;
				DEBUG_INFORMATION_FORMAT = dwarf;
				ENABLE_STRICT_OBJC_MSGSEND = YES;
				ENABLE_TESTABILITY = YES;
				GCC_C_LANGUAGE_STANDARD = gnu11;
				GCC_DYNAMIC_NO_PIC = NO;
				GCC_NO_COMMON_BLOCKS = YES;
				GCC_OPTIMIZATION_LEVEL = 0;
				GCC_PREPROCESSOR_DEFINITIONS = (
					"DEBUG=1",
					"$(inherited)",
				);
				GCC_WARN_64_TO_32_BIT_CONVERSION = YES;
				GCC_WARN_ABOUT_RETURN_TYPE = YES_ERROR;
				GCC_WARN_UNDECLARED_SELECTOR = YES;
				GCC_WARN_UNINITIALIZED_AUTOS = YES_AGGRESSIVE;
				GCC_WARN_UNUSED_FUNCTION = YES;
				GCC_WARN_UNUSED_VARIABLE = YES;
				IPHONEOS_DEPLOYMENT_TARGET = 11.4;
				MTL_ENABLE_DEBUG_INFO = YES;
				ONLY_ACTIVE_ARCH = YES;
				SDKROOT = iphoneos;
				SWIFT_ACTIVE_COMPILATION_CONDITIONS = DEBUG;
				SWIFT_OPTIMIZATION_LEVEL = "-Onone";
			};
			name = Debug;
		};
		E639D42621DFB6140002D95A /* Release */ = {
			isa = XCBuildConfiguration;
			buildSettings = {
				ALWAYS_SEARCH_USER_PATHS = NO;
				CLANG_ANALYZER_NONNULL = YES;
				CLANG_ANALYZER_NUMBER_OBJECT_CONVERSION = YES_AGGRESSIVE;
				CLANG_CXX_LANGUAGE_STANDARD = "gnu++14";
				CLANG_CXX_LIBRARY = "libc++";
				CLANG_ENABLE_MODULES = YES;
				CLANG_ENABLE_OBJC_ARC = YES;
				CLANG_ENABLE_OBJC_WEAK = YES;
				CLANG_WARN_BLOCK_CAPTURE_AUTORELEASING = YES;
				CLANG_WARN_BOOL_CONVERSION = YES;
				CLANG_WARN_COMMA = YES;
				CLANG_WARN_CONSTANT_CONVERSION = YES;
				CLANG_WARN_DEPRECATED_OBJC_IMPLEMENTATIONS = YES;
				CLANG_WARN_DIRECT_OBJC_ISA_USAGE = YES_ERROR;
				CLANG_WARN_DOCUMENTATION_COMMENTS = YES;
				CLANG_WARN_EMPTY_BODY = YES;
				CLANG_WARN_ENUM_CONVERSION = YES;
				CLANG_WARN_INFINITE_RECURSION = YES;
				CLANG_WARN_INT_CONVERSION = YES;
				CLANG_WARN_NON_LITERAL_NULL_CONVERSION = YES;
				CLANG_WARN_OBJC_IMPLICIT_RETAIN_SELF = YES;
				CLANG_WARN_OBJC_LITERAL_CONVERSION = YES;
				CLANG_WARN_OBJC_ROOT_CLASS = YES_ERROR;
				CLANG_WARN_RANGE_LOOP_ANALYSIS = YES;
				CLANG_WARN_STRICT_PROTOTYPES = YES;
				CLANG_WARN_SUSPICIOUS_MOVE = YES;
				CLANG_WARN_UNGUARDED_AVAILABILITY = YES_AGGRESSIVE;
				CLANG_WARN_UNREACHABLE_CODE = YES;
				CLANG_WARN__DUPLICATE_METHOD_MATCH = YES;
				CODE_SIGN_IDENTITY = "iPhone Developer";
				COPY_PHASE_STRIP = NO;
				DEBUG_INFORMATION_FORMAT = "dwarf-with-dsym";
				ENABLE_NS_ASSERTIONS = NO;
				ENABLE_STRICT_OBJC_MSGSEND = YES;
				GCC_C_LANGUAGE_STANDARD = gnu11;
				GCC_NO_COMMON_BLOCKS = YES;
				GCC_WARN_64_TO_32_BIT_CONVERSION = YES;
				GCC_WARN_ABOUT_RETURN_TYPE = YES_ERROR;
				GCC_WARN_UNDECLARED_SELECTOR = YES;
				GCC_WARN_UNINITIALIZED_AUTOS = YES_AGGRESSIVE;
				GCC_WARN_UNUSED_FUNCTION = YES;
				GCC_WARN_UNUSED_VARIABLE = YES;
				IPHONEOS_DEPLOYMENT_TARGET = 11.4;
				MTL_ENABLE_DEBUG_INFO = NO;
				SDKROOT = iphoneos;
				SWIFT_COMPILATION_MODE = wholemodule;
				SWIFT_OPTIMIZATION_LEVEL = "-O";
				VALIDATE_PRODUCT = YES;
			};
			name = Release;
		};
		E639D42821DFB6140002D95A /* Debug */ = {
			isa = XCBuildConfiguration;
			baseConfigurationReference = 22D94A494A804060A73DE56F /* Pods-BRQiOSTest.debug.xcconfig */;
			buildSettings = {
				ASSETCATALOG_COMPILER_APPICON_NAME = AppIcon;
				CODE_SIGN_STYLE = Automatic;
				DEVELOPMENT_TEAM = F594ND8XLE;
				INFOPLIST_FILE = BRQiOSTest/Info.plist;
				IPHONEOS_DEPLOYMENT_TARGET = 11.4;
				LD_RUNPATH_SEARCH_PATHS = (
					"$(inherited)",
					"@executable_path/Frameworks",
				);
				PRODUCT_BUNDLE_IDENTIFIER = com.brq.gustavomascarenhas.BRQiOSTest;
				PRODUCT_NAME = "$(TARGET_NAME)";
				SWIFT_VERSION = 4.0;
				TARGETED_DEVICE_FAMILY = "1,2";
			};
			name = Debug;
		};
		E639D42921DFB6140002D95A /* Release */ = {
			isa = XCBuildConfiguration;
			baseConfigurationReference = 26A2415457BD33696B194DB8 /* Pods-BRQiOSTest.release.xcconfig */;
			buildSettings = {
				ASSETCATALOG_COMPILER_APPICON_NAME = AppIcon;
				CODE_SIGN_STYLE = Automatic;
				DEVELOPMENT_TEAM = F594ND8XLE;
				INFOPLIST_FILE = BRQiOSTest/Info.plist;
				IPHONEOS_DEPLOYMENT_TARGET = 11.4;
				LD_RUNPATH_SEARCH_PATHS = (
					"$(inherited)",
					"@executable_path/Frameworks",
				);
				PRODUCT_BUNDLE_IDENTIFIER = com.brq.gustavomascarenhas.BRQiOSTest;
				PRODUCT_NAME = "$(TARGET_NAME)";
				SWIFT_VERSION = 4.0;
				TARGETED_DEVICE_FAMILY = "1,2";
			};
			name = Release;
		};
		E639D42B21DFB6140002D95A /* Debug */ = {
			isa = XCBuildConfiguration;
			baseConfigurationReference = FEA1B3E14257BBE54A479D65 /* Pods-BRQiOSTestTests.debug.xcconfig */;
			buildSettings = {
				ALWAYS_EMBED_SWIFT_STANDARD_LIBRARIES = YES;
				BUNDLE_LOADER = "$(TEST_HOST)";
				CODE_SIGN_STYLE = Automatic;
				DEVELOPMENT_TEAM = F594ND8XLE;
				INFOPLIST_FILE = BRQiOSTestTests/Info.plist;
				LD_RUNPATH_SEARCH_PATHS = (
					"$(inherited)",
					"@executable_path/Frameworks",
					"@loader_path/Frameworks",
				);
				PRODUCT_BUNDLE_IDENTIFIER = com.brq.gustavomascarenhas.BRQiOSTestTests;
				PRODUCT_NAME = "$(TARGET_NAME)";
				SWIFT_VERSION = 4.0;
				TARGETED_DEVICE_FAMILY = "1,2";
				TEST_HOST = "$(BUILT_PRODUCTS_DIR)/BRQiOSTest.app/BRQiOSTest";
			};
			name = Debug;
		};
		E639D42C21DFB6140002D95A /* Release */ = {
			isa = XCBuildConfiguration;
			baseConfigurationReference = 3F961F5239E017FF508C0940 /* Pods-BRQiOSTestTests.release.xcconfig */;
			buildSettings = {
				ALWAYS_EMBED_SWIFT_STANDARD_LIBRARIES = YES;
				BUNDLE_LOADER = "$(TEST_HOST)";
				CODE_SIGN_STYLE = Automatic;
				DEVELOPMENT_TEAM = F594ND8XLE;
				INFOPLIST_FILE = BRQiOSTestTests/Info.plist;
				LD_RUNPATH_SEARCH_PATHS = (
					"$(inherited)",
					"@executable_path/Frameworks",
					"@loader_path/Frameworks",
				);
				PRODUCT_BUNDLE_IDENTIFIER = com.brq.gustavomascarenhas.BRQiOSTestTests;
				PRODUCT_NAME = "$(TARGET_NAME)";
				SWIFT_VERSION = 4.0;
				TARGETED_DEVICE_FAMILY = "1,2";
				TEST_HOST = "$(BUILT_PRODUCTS_DIR)/BRQiOSTest.app/BRQiOSTest";
			};
			name = Release;
		};
		E639D42E21DFB6140002D95A /* Debug */ = {
			isa = XCBuildConfiguration;
			baseConfigurationReference = 70AF0BBF9459DBD043A15D42 /* Pods-BRQiOSTestUITests.debug.xcconfig */;
			buildSettings = {
				ALWAYS_EMBED_SWIFT_STANDARD_LIBRARIES = YES;
				CODE_SIGN_STYLE = Automatic;
				DEVELOPMENT_TEAM = F594ND8XLE;
				INFOPLIST_FILE = BRQiOSTestUITests/Info.plist;
				LD_RUNPATH_SEARCH_PATHS = (
					"$(inherited)",
					"@executable_path/Frameworks",
					"@loader_path/Frameworks",
				);
				PRODUCT_BUNDLE_IDENTIFIER = com.brq.gustavomascarenhas.BRQiOSTestUITests;
				PRODUCT_NAME = "$(TARGET_NAME)";
				SWIFT_VERSION = 4.0;
				TARGETED_DEVICE_FAMILY = "1,2";
				TEST_TARGET_NAME = BRQiOSTest;
			};
			name = Debug;
		};
		E639D42F21DFB6140002D95A /* Release */ = {
			isa = XCBuildConfiguration;
			baseConfigurationReference = 7FE9331EC7303C0C42AC778F /* Pods-BRQiOSTestUITests.release.xcconfig */;
			buildSettings = {
				ALWAYS_EMBED_SWIFT_STANDARD_LIBRARIES = YES;
				CODE_SIGN_STYLE = Automatic;
				DEVELOPMENT_TEAM = F594ND8XLE;
				INFOPLIST_FILE = BRQiOSTestUITests/Info.plist;
				LD_RUNPATH_SEARCH_PATHS = (
					"$(inherited)",
					"@executable_path/Frameworks",
					"@loader_path/Frameworks",
				);
				PRODUCT_BUNDLE_IDENTIFIER = com.brq.gustavomascarenhas.BRQiOSTestUITests;
				PRODUCT_NAME = "$(TARGET_NAME)";
				SWIFT_VERSION = 4.0;
				TARGETED_DEVICE_FAMILY = "1,2";
				TEST_TARGET_NAME = BRQiOSTest;
			};
			name = Release;
		};
/* End XCBuildConfiguration section */

/* Begin XCConfigurationList section */
		E639D3FA21DFB60C0002D95A /* Build configuration list for PBXProject "BRQiOSTest" */ = {
			isa = XCConfigurationList;
			buildConfigurations = (
				E639D42521DFB6140002D95A /* Debug */,
				E639D42621DFB6140002D95A /* Release */,
			);
			defaultConfigurationIsVisible = 0;
			defaultConfigurationName = Release;
		};
		E639D42721DFB6140002D95A /* Build configuration list for PBXNativeTarget "BRQiOSTest" */ = {
			isa = XCConfigurationList;
			buildConfigurations = (
				E639D42821DFB6140002D95A /* Debug */,
				E639D42921DFB6140002D95A /* Release */,
			);
			defaultConfigurationIsVisible = 0;
			defaultConfigurationName = Release;
		};
		E639D42A21DFB6140002D95A /* Build configuration list for PBXNativeTarget "BRQiOSTestTests" */ = {
			isa = XCConfigurationList;
			buildConfigurations = (
				E639D42B21DFB6140002D95A /* Debug */,
				E639D42C21DFB6140002D95A /* Release */,
			);
			defaultConfigurationIsVisible = 0;
			defaultConfigurationName = Release;
		};
		E639D42D21DFB6140002D95A /* Build configuration list for PBXNativeTarget "BRQiOSTestUITests" */ = {
			isa = XCConfigurationList;
			buildConfigurations = (
				E639D42E21DFB6140002D95A /* Debug */,
				E639D42F21DFB6140002D95A /* Release */,
			);
			defaultConfigurationIsVisible = 0;
			defaultConfigurationName = Release;
		};
/* End XCConfigurationList section */
	};
	rootObject = E639D3F721DFB60C0002D95A /* Project object */;
}
